// !$*UTF8*$!
{
	archiveVersion = 1;
	classes = {
	};
	objectVersion = 50;
	objects = {

/* Begin PBXBuildFile section */
		0102E6A222C4FDDD00006686 /* AppDelegate.swift in Sources */ = {isa = PBXBuildFile; fileRef = 0102E6A122C4FDDD00006686 /* AppDelegate.swift */; };
		0102E6A722C4FDDD00006686 /* Main.storyboard in Resources */ = {isa = PBXBuildFile; fileRef = 0102E6A522C4FDDD00006686 /* Main.storyboard */; };
		0102E6A922C4FDE000006686 /* Assets.xcassets in Resources */ = {isa = PBXBuildFile; fileRef = 0102E6A822C4FDE000006686 /* Assets.xcassets */; };
		0102E6AC22C4FDE000006686 /* LaunchScreen.storyboard in Resources */ = {isa = PBXBuildFile; fileRef = 0102E6AA22C4FDE000006686 /* LaunchScreen.storyboard */; };
		0102E6B722C4FDE000006686 /* WhatWeatherTests.swift in Sources */ = {isa = PBXBuildFile; fileRef = 0102E6B622C4FDE000006686 /* WhatWeatherTests.swift */; };
		0102E6C222C4FDE000006686 /* WhatWeatherUITests.swift in Sources */ = {isa = PBXBuildFile; fileRef = 0102E6C122C4FDE000006686 /* WhatWeatherUITests.swift */; };
		01989B3522C53BD3001CE523 /* LocationCellView.xib in Resources */ = {isa = PBXBuildFile; fileRef = 01989B3422C53BD3001CE523 /* LocationCellView.xib */; };
		01989B3922C53FE4001CE523 /* LocationCellView.swift in Sources */ = {isa = PBXBuildFile; fileRef = 01989B3822C53FE4001CE523 /* LocationCellView.swift */; };
		01989B3C22C54043001CE523 /* XibControl.swift in Sources */ = {isa = PBXBuildFile; fileRef = 01989B3B22C54043001CE523 /* XibControl.swift */; };
		01989B4122C54C27001CE523 /* UIExtendedImageView.swift in Sources */ = {isa = PBXBuildFile; fileRef = 01989B4022C54C27001CE523 /* UIExtendedImageView.swift */; };
		01989B4322C54CD9001CE523 /* LocationTableViewController.swift in Sources */ = {isa = PBXBuildFile; fileRef = 01989B4222C54CD9001CE523 /* LocationTableViewController.swift */; };
		01989B4622C54FAE001CE523 /* LocationTableViewCell.swift in Sources */ = {isa = PBXBuildFile; fileRef = 01989B4522C54FAE001CE523 /* LocationTableViewCell.swift */; };
		01989B4922C55253001CE523 /* HeaderTableViewCell.swift in Sources */ = {isa = PBXBuildFile; fileRef = 01989B4822C55253001CE523 /* HeaderTableViewCell.swift */; };
		01989B4C22C56AD9001CE523 /* DetailViewController.swift in Sources */ = {isa = PBXBuildFile; fileRef = 01989B4B22C56AD9001CE523 /* DetailViewController.swift */; };
		2C6DEF0B32143B9D4C3BCC8F /* Pods_WhatWeather.framework in Frameworks */ = {isa = PBXBuildFile; fileRef = 35A7577884CE0C8F56FD7FA4 /* Pods_WhatWeather.framework */; };
		324CEEE27FC3FE2E47160126 /* Pods_WhatWeatherTests.framework in Frameworks */ = {isa = PBXBuildFile; fileRef = DB47EAD115830979F61C8978 /* Pods_WhatWeatherTests.framework */; };
		58F526250853B3044D419034 /* Pods_WhatWeatherUITests.framework in Frameworks */ = {isa = PBXBuildFile; fileRef = 90202B8CE94B82420327B242 /* Pods_WhatWeatherUITests.framework */; };
/* End PBXBuildFile section */

/* Begin PBXContainerItemProxy section */
		0102E6B322C4FDE000006686 /* PBXContainerItemProxy */ = {
			isa = PBXContainerItemProxy;
			containerPortal = 0102E69622C4FDDD00006686 /* Project object */;
			proxyType = 1;
			remoteGlobalIDString = 0102E69D22C4FDDD00006686;
			remoteInfo = WhatWeather;
		};
		0102E6BE22C4FDE000006686 /* PBXContainerItemProxy */ = {
			isa = PBXContainerItemProxy;
			containerPortal = 0102E69622C4FDDD00006686 /* Project object */;
			proxyType = 1;
			remoteGlobalIDString = 0102E69D22C4FDDD00006686;
			remoteInfo = WhatWeather;
		};
/* End PBXContainerItemProxy section */

/* Begin PBXFileReference section */
		0102E69E22C4FDDD00006686 /* WhatWeather.app */ = {isa = PBXFileReference; explicitFileType = wrapper.application; includeInIndex = 0; path = WhatWeather.app; sourceTree = BUILT_PRODUCTS_DIR; };
		0102E6A122C4FDDD00006686 /* AppDelegate.swift */ = {isa = PBXFileReference; lastKnownFileType = sourcecode.swift; path = AppDelegate.swift; sourceTree = "<group>"; };
		0102E6A622C4FDDD00006686 /* Base */ = {isa = PBXFileReference; lastKnownFileType = file.storyboard; name = Base; path = Base.lproj/Main.storyboard; sourceTree = "<group>"; };
		0102E6A822C4FDE000006686 /* Assets.xcassets */ = {isa = PBXFileReference; lastKnownFileType = folder.assetcatalog; path = Assets.xcassets; sourceTree = "<group>"; };
		0102E6AB22C4FDE000006686 /* Base */ = {isa = PBXFileReference; lastKnownFileType = file.storyboard; name = Base; path = Base.lproj/LaunchScreen.storyboard; sourceTree = "<group>"; };
		0102E6AD22C4FDE000006686 /* Info.plist */ = {isa = PBXFileReference; lastKnownFileType = text.plist.xml; path = Info.plist; sourceTree = "<group>"; };
		0102E6B222C4FDE000006686 /* WhatWeatherTests.xctest */ = {isa = PBXFileReference; explicitFileType = wrapper.cfbundle; includeInIndex = 0; path = WhatWeatherTests.xctest; sourceTree = BUILT_PRODUCTS_DIR; };
		0102E6B622C4FDE000006686 /* WhatWeatherTests.swift */ = {isa = PBXFileReference; lastKnownFileType = sourcecode.swift; path = WhatWeatherTests.swift; sourceTree = "<group>"; };
		0102E6B822C4FDE000006686 /* Info.plist */ = {isa = PBXFileReference; lastKnownFileType = text.plist.xml; path = Info.plist; sourceTree = "<group>"; };
		0102E6BD22C4FDE000006686 /* WhatWeatherUITests.xctest */ = {isa = PBXFileReference; explicitFileType = wrapper.cfbundle; includeInIndex = 0; path = WhatWeatherUITests.xctest; sourceTree = BUILT_PRODUCTS_DIR; };
		0102E6C122C4FDE000006686 /* WhatWeatherUITests.swift */ = {isa = PBXFileReference; lastKnownFileType = sourcecode.swift; path = WhatWeatherUITests.swift; sourceTree = "<group>"; };
		0102E6C322C4FDE000006686 /* Info.plist */ = {isa = PBXFileReference; lastKnownFileType = text.plist.xml; path = Info.plist; sourceTree = "<group>"; };
		01989B3422C53BD3001CE523 /* LocationCellView.xib */ = {isa = PBXFileReference; lastKnownFileType = file.xib; path = LocationCellView.xib; sourceTree = "<group>"; };
		01989B3822C53FE4001CE523 /* LocationCellView.swift */ = {isa = PBXFileReference; lastKnownFileType = sourcecode.swift; path = LocationCellView.swift; sourceTree = "<group>"; };
		01989B3B22C54043001CE523 /* XibControl.swift */ = {isa = PBXFileReference; lastKnownFileType = sourcecode.swift; path = XibControl.swift; sourceTree = "<group>"; };
		01989B4022C54C27001CE523 /* UIExtendedImageView.swift */ = {isa = PBXFileReference; lastKnownFileType = sourcecode.swift; path = UIExtendedImageView.swift; sourceTree = "<group>"; };
		01989B4222C54CD9001CE523 /* LocationTableViewController.swift */ = {isa = PBXFileReference; lastKnownFileType = sourcecode.swift; path = LocationTableViewController.swift; sourceTree = "<group>"; };
		01989B4522C54FAE001CE523 /* LocationTableViewCell.swift */ = {isa = PBXFileReference; lastKnownFileType = sourcecode.swift; path = LocationTableViewCell.swift; sourceTree = "<group>"; };
		01989B4822C55253001CE523 /* HeaderTableViewCell.swift */ = {isa = PBXFileReference; lastKnownFileType = sourcecode.swift; path = HeaderTableViewCell.swift; sourceTree = "<group>"; };
		01989B4B22C56AD9001CE523 /* DetailViewController.swift */ = {isa = PBXFileReference; lastKnownFileType = sourcecode.swift; path = DetailViewController.swift; sourceTree = "<group>"; };
		01B5603D22C50A13003FF2C1 /* .swiftlint.yml */ = {isa = PBXFileReference; lastKnownFileType = text; path = .swiftlint.yml; sourceTree = SOURCE_ROOT; };
		35A7577884CE0C8F56FD7FA4 /* Pods_WhatWeather.framework */ = {isa = PBXFileReference; explicitFileType = wrapper.framework; includeInIndex = 0; path = Pods_WhatWeather.framework; sourceTree = BUILT_PRODUCTS_DIR; };
		4B48FAA9652F7BA9C9B38929 /* Pods-WhatWeatherUITests.release.xcconfig */ = {isa = PBXFileReference; includeInIndex = 1; lastKnownFileType = text.xcconfig; name = "Pods-WhatWeatherUITests.release.xcconfig"; path = "Pods/Target Support Files/Pods-WhatWeatherUITests/Pods-WhatWeatherUITests.release.xcconfig"; sourceTree = "<group>"; };
		667CA6885E915897C709993E /* Pods-WhatWeatherTests.release.xcconfig */ = {isa = PBXFileReference; includeInIndex = 1; lastKnownFileType = text.xcconfig; name = "Pods-WhatWeatherTests.release.xcconfig"; path = "Pods/Target Support Files/Pods-WhatWeatherTests/Pods-WhatWeatherTests.release.xcconfig"; sourceTree = "<group>"; };
		8FB0F819A3BC300B8E3D53B7 /* Pods-WhatWeatherUITests.debug.xcconfig */ = {isa = PBXFileReference; includeInIndex = 1; lastKnownFileType = text.xcconfig; name = "Pods-WhatWeatherUITests.debug.xcconfig"; path = "Pods/Target Support Files/Pods-WhatWeatherUITests/Pods-WhatWeatherUITests.debug.xcconfig"; sourceTree = "<group>"; };
		90202B8CE94B82420327B242 /* Pods_WhatWeatherUITests.framework */ = {isa = PBXFileReference; explicitFileType = wrapper.framework; includeInIndex = 0; path = Pods_WhatWeatherUITests.framework; sourceTree = BUILT_PRODUCTS_DIR; };
		A63D8157364C79EC54938E59 /* Pods-WhatWeatherTests.debug.xcconfig */ = {isa = PBXFileReference; includeInIndex = 1; lastKnownFileType = text.xcconfig; name = "Pods-WhatWeatherTests.debug.xcconfig"; path = "Pods/Target Support Files/Pods-WhatWeatherTests/Pods-WhatWeatherTests.debug.xcconfig"; sourceTree = "<group>"; };
		B4540B2A39285D2E7781BE74 /* Pods-WhatWeather.release.xcconfig */ = {isa = PBXFileReference; includeInIndex = 1; lastKnownFileType = text.xcconfig; name = "Pods-WhatWeather.release.xcconfig"; path = "Pods/Target Support Files/Pods-WhatWeather/Pods-WhatWeather.release.xcconfig"; sourceTree = "<group>"; };
		DB47EAD115830979F61C8978 /* Pods_WhatWeatherTests.framework */ = {isa = PBXFileReference; explicitFileType = wrapper.framework; includeInIndex = 0; path = Pods_WhatWeatherTests.framework; sourceTree = BUILT_PRODUCTS_DIR; };
		EB605F247B3D6AD2F7F2EE44 /* Pods-WhatWeather.debug.xcconfig */ = {isa = PBXFileReference; includeInIndex = 1; lastKnownFileType = text.xcconfig; name = "Pods-WhatWeather.debug.xcconfig"; path = "Pods/Target Support Files/Pods-WhatWeather/Pods-WhatWeather.debug.xcconfig"; sourceTree = "<group>"; };
/* End PBXFileReference section */

/* Begin PBXFrameworksBuildPhase section */
		0102E69B22C4FDDD00006686 /* Frameworks */ = {
			isa = PBXFrameworksBuildPhase;
			buildActionMask = 2147483647;
			files = (
				2C6DEF0B32143B9D4C3BCC8F /* Pods_WhatWeather.framework in Frameworks */,
			);
			runOnlyForDeploymentPostprocessing = 0;
		};
		0102E6AF22C4FDE000006686 /* Frameworks */ = {
			isa = PBXFrameworksBuildPhase;
			buildActionMask = 2147483647;
			files = (
				324CEEE27FC3FE2E47160126 /* Pods_WhatWeatherTests.framework in Frameworks */,
			);
			runOnlyForDeploymentPostprocessing = 0;
		};
		0102E6BA22C4FDE000006686 /* Frameworks */ = {
			isa = PBXFrameworksBuildPhase;
			buildActionMask = 2147483647;
			files = (
				58F526250853B3044D419034 /* Pods_WhatWeatherUITests.framework in Frameworks */,
			);
			runOnlyForDeploymentPostprocessing = 0;
		};
/* End PBXFrameworksBuildPhase section */

/* Begin PBXGroup section */
		0102E69522C4FDDD00006686 = {
			isa = PBXGroup;
			children = (
				0102E6A022C4FDDD00006686 /* WhatWeather */,
				0102E6B522C4FDE000006686 /* WhatWeatherTests */,
				0102E6C022C4FDE000006686 /* WhatWeatherUITests */,
				0102E69F22C4FDDD00006686 /* Products */,
				22E3675EE0E2983D3A129E3F /* Pods */,
				C73C96BCA8CB4C8F7B620ACE /* Frameworks */,
			);
			sourceTree = "<group>";
		};
		0102E69F22C4FDDD00006686 /* Products */ = {
			isa = PBXGroup;
			children = (
				0102E69E22C4FDDD00006686 /* WhatWeather.app */,
				0102E6B222C4FDE000006686 /* WhatWeatherTests.xctest */,
				0102E6BD22C4FDE000006686 /* WhatWeatherUITests.xctest */,
			);
			name = Products;
			sourceTree = "<group>";
		};
		0102E6A022C4FDDD00006686 /* WhatWeather */ = {
			isa = PBXGroup;
			children = (
				01B5603D22C50A13003FF2C1 /* .swiftlint.yml */,
				0102E6D122C4FE2900006686 /* ViewControllers */,
				0102E6D022C4FE2300006686 /* Storyboards */,
				0102E6CF22C4FE1F00006686 /* Model */,
				01989B3222C53B91001CE523 /* GUI */,
				01989B3D22C54A73001CE523 /* Extension */,
				0102E6A122C4FDDD00006686 /* AppDelegate.swift */,
				0102E6A822C4FDE000006686 /* Assets.xcassets */,
				0102E6AA22C4FDE000006686 /* LaunchScreen.storyboard */,
				0102E6AD22C4FDE000006686 /* Info.plist */,
			);
			path = WhatWeather;
			sourceTree = "<group>";
		};
		0102E6B522C4FDE000006686 /* WhatWeatherTests */ = {
			isa = PBXGroup;
			children = (
				0102E6B622C4FDE000006686 /* WhatWeatherTests.swift */,
				0102E6B822C4FDE000006686 /* Info.plist */,
			);
			path = WhatWeatherTests;
			sourceTree = "<group>";
		};
		0102E6C022C4FDE000006686 /* WhatWeatherUITests */ = {
			isa = PBXGroup;
			children = (
				0102E6C122C4FDE000006686 /* WhatWeatherUITests.swift */,
				0102E6C322C4FDE000006686 /* Info.plist */,
			);
			path = WhatWeatherUITests;
			sourceTree = "<group>";
		};
		0102E6CF22C4FE1F00006686 /* Model */ = {
			isa = PBXGroup;
			children = (
			);
			path = Model;
			sourceTree = "<group>";
		};
		0102E6D022C4FE2300006686 /* Storyboards */ = {
			isa = PBXGroup;
			children = (
				0102E6A522C4FDDD00006686 /* Main.storyboard */,
			);
			path = Storyboards;
			sourceTree = "<group>";
		};
		0102E6D122C4FE2900006686 /* ViewControllers */ = {
			isa = PBXGroup;
			children = (
				01989B4A22C56AC5001CE523 /* Detail */,
				01989B4422C54DFE001CE523 /* Main */,
			);
			path = ViewControllers;
			sourceTree = "<group>";
		};
		01989B3222C53B91001CE523 /* GUI */ = {
			isa = PBXGroup;
			children = (
				01989B3A22C54033001CE523 /* Internal */,
				01989B3322C53B98001CE523 /* Cells */,
			);
			path = GUI;
			sourceTree = "<group>";
		};
		01989B3322C53B98001CE523 /* Cells */ = {
			isa = PBXGroup;
			children = (
				01989B3422C53BD3001CE523 /* LocationCellView.xib */,
				01989B3822C53FE4001CE523 /* LocationCellView.swift */,
			);
			path = Cells;
			sourceTree = "<group>";
		};
		01989B3A22C54033001CE523 /* Internal */ = {
			isa = PBXGroup;
			children = (
				01989B3B22C54043001CE523 /* XibControl.swift */,
			);
			path = Internal;
			sourceTree = "<group>";
		};
		01989B3D22C54A73001CE523 /* Extension */ = {
			isa = PBXGroup;
			children = (
				01989B4022C54C27001CE523 /* UIExtendedImageView.swift */,
			);
			path = Extension;
			sourceTree = "<group>";
		};
		01989B4422C54DFE001CE523 /* Main */ = {
			isa = PBXGroup;
			children = (
				01989B4722C55246001CE523 /* Header */,
				01989B4222C54CD9001CE523 /* LocationTableViewController.swift */,
				01989B4522C54FAE001CE523 /* LocationTableViewCell.swift */,
			);
			path = Main;
			sourceTree = "<group>";
		};
		01989B4722C55246001CE523 /* Header */ = {
			isa = PBXGroup;
			children = (
				01989B4822C55253001CE523 /* HeaderTableViewCell.swift */,
			);
			path = Header;
			sourceTree = "<group>";
		};
		01989B4A22C56AC5001CE523 /* Detail */ = {
			isa = PBXGroup;
			children = (
				01989B4B22C56AD9001CE523 /* DetailViewController.swift */,
			);
			path = Detail;
			sourceTree = "<group>";
		};
		22E3675EE0E2983D3A129E3F /* Pods */ = {
			isa = PBXGroup;
			children = (
				EB605F247B3D6AD2F7F2EE44 /* Pods-WhatWeather.debug.xcconfig */,
				B4540B2A39285D2E7781BE74 /* Pods-WhatWeather.release.xcconfig */,
				A63D8157364C79EC54938E59 /* Pods-WhatWeatherTests.debug.xcconfig */,
				667CA6885E915897C709993E /* Pods-WhatWeatherTests.release.xcconfig */,
				8FB0F819A3BC300B8E3D53B7 /* Pods-WhatWeatherUITests.debug.xcconfig */,
				4B48FAA9652F7BA9C9B38929 /* Pods-WhatWeatherUITests.release.xcconfig */,
			);
			name = Pods;
			sourceTree = "<group>";
		};
		C73C96BCA8CB4C8F7B620ACE /* Frameworks */ = {
			isa = PBXGroup;
			children = (
				35A7577884CE0C8F56FD7FA4 /* Pods_WhatWeather.framework */,
				DB47EAD115830979F61C8978 /* Pods_WhatWeatherTests.framework */,
				90202B8CE94B82420327B242 /* Pods_WhatWeatherUITests.framework */,
			);
			name = Frameworks;
			sourceTree = "<group>";
		};
/* End PBXGroup section */

/* Begin PBXNativeTarget section */
		0102E69D22C4FDDD00006686 /* WhatWeather */ = {
			isa = PBXNativeTarget;
			buildConfigurationList = 0102E6C622C4FDE000006686 /* Build configuration list for PBXNativeTarget "WhatWeather" */;
			buildPhases = (
				33DEF3A883066A131E7649A4 /* [CP] Check Pods Manifest.lock */,
				0102E69A22C4FDDD00006686 /* Sources */,
				0102E69B22C4FDDD00006686 /* Frameworks */,
				0102E69C22C4FDDD00006686 /* Resources */,
				01B5604022C50CA6003FF2C1 /* ShellScript */,
			);
			buildRules = (
			);
			dependencies = (
			);
			name = WhatWeather;
			productName = WhatWeather;
			productReference = 0102E69E22C4FDDD00006686 /* WhatWeather.app */;
			productType = "com.apple.product-type.application";
		};
		0102E6B122C4FDE000006686 /* WhatWeatherTests */ = {
			isa = PBXNativeTarget;
			buildConfigurationList = 0102E6C922C4FDE000006686 /* Build configuration list for PBXNativeTarget "WhatWeatherTests" */;
			buildPhases = (
				F9B2960AFA642FEA274EDE7B /* [CP] Check Pods Manifest.lock */,
				0102E6AE22C4FDE000006686 /* Sources */,
				0102E6AF22C4FDE000006686 /* Frameworks */,
				0102E6B022C4FDE000006686 /* Resources */,
			);
			buildRules = (
			);
			dependencies = (
				0102E6B422C4FDE000006686 /* PBXTargetDependency */,
			);
			name = WhatWeatherTests;
			productName = WhatWeatherTests;
			productReference = 0102E6B222C4FDE000006686 /* WhatWeatherTests.xctest */;
			productType = "com.apple.product-type.bundle.unit-test";
		};
		0102E6BC22C4FDE000006686 /* WhatWeatherUITests */ = {
			isa = PBXNativeTarget;
			buildConfigurationList = 0102E6CC22C4FDE000006686 /* Build configuration list for PBXNativeTarget "WhatWeatherUITests" */;
			buildPhases = (
				1C521CBFB9F2092C481EA9BB /* [CP] Check Pods Manifest.lock */,
				0102E6B922C4FDE000006686 /* Sources */,
				0102E6BA22C4FDE000006686 /* Frameworks */,
				0102E6BB22C4FDE000006686 /* Resources */,
			);
			buildRules = (
			);
			dependencies = (
				0102E6BF22C4FDE000006686 /* PBXTargetDependency */,
			);
			name = WhatWeatherUITests;
			productName = WhatWeatherUITests;
			productReference = 0102E6BD22C4FDE000006686 /* WhatWeatherUITests.xctest */;
			productType = "com.apple.product-type.bundle.ui-testing";
		};
/* End PBXNativeTarget section */

/* Begin PBXProject section */
		0102E69622C4FDDD00006686 /* Project object */ = {
			isa = PBXProject;
			attributes = {
				LastSwiftUpdateCheck = 1020;
				LastUpgradeCheck = 1020;
				ORGANIZATIONNAME = "Flamur Beqiri";
				TargetAttributes = {
					0102E69D22C4FDDD00006686 = {
						CreatedOnToolsVersion = 10.2.1;
					};
					0102E6B122C4FDE000006686 = {
						CreatedOnToolsVersion = 10.2.1;
						TestTargetID = 0102E69D22C4FDDD00006686;
					};
					0102E6BC22C4FDE000006686 = {
						CreatedOnToolsVersion = 10.2.1;
						TestTargetID = 0102E69D22C4FDDD00006686;
					};
				};
			};
			buildConfigurationList = 0102E69922C4FDDD00006686 /* Build configuration list for PBXProject "WhatWeather" */;
			compatibilityVersion = "Xcode 9.3";
			developmentRegion = en;
			hasScannedForEncodings = 0;
			knownRegions = (
				en,
				Base,
			);
			mainGroup = 0102E69522C4FDDD00006686;
			productRefGroup = 0102E69F22C4FDDD00006686 /* Products */;
			projectDirPath = "";
			projectRoot = "";
			targets = (
				0102E69D22C4FDDD00006686 /* WhatWeather */,
				0102E6B122C4FDE000006686 /* WhatWeatherTests */,
				0102E6BC22C4FDE000006686 /* WhatWeatherUITests */,
			);
		};
/* End PBXProject section */

/* Begin PBXResourcesBuildPhase section */
		0102E69C22C4FDDD00006686 /* Resources */ = {
			isa = PBXResourcesBuildPhase;
			buildActionMask = 2147483647;
			files = (
				0102E6AC22C4FDE000006686 /* LaunchScreen.storyboard in Resources */,
				01989B3522C53BD3001CE523 /* LocationCellView.xib in Resources */,
				0102E6A922C4FDE000006686 /* Assets.xcassets in Resources */,
				0102E6A722C4FDDD00006686 /* Main.storyboard in Resources */,
			);
			runOnlyForDeploymentPostprocessing = 0;
		};
		0102E6B022C4FDE000006686 /* Resources */ = {
			isa = PBXResourcesBuildPhase;
			buildActionMask = 2147483647;
			files = (
			);
			runOnlyForDeploymentPostprocessing = 0;
		};
		0102E6BB22C4FDE000006686 /* Resources */ = {
			isa = PBXResourcesBuildPhase;
			buildActionMask = 2147483647;
			files = (
			);
			runOnlyForDeploymentPostprocessing = 0;
		};
/* End PBXResourcesBuildPhase section */

/* Begin PBXShellScriptBuildPhase section */
		01B5604022C50CA6003FF2C1 /* ShellScript */ = {
			isa = PBXShellScriptBuildPhase;
			buildActionMask = 2147483647;
			files = (
			);
			inputFileListPaths = (
			);
			inputPaths = (
			);
			outputFileListPaths = (
			);
			outputPaths = (
			);
			runOnlyForDeploymentPostprocessing = 0;
			shellPath = /bin/sh;
			shellScript = "echo \"Running SwiftLint\"\n\"${PODS_ROOT}/SwiftLint/swiftlint\" --no-cache\n";
			showEnvVarsInLog = 0;
		};
		1C521CBFB9F2092C481EA9BB /* [CP] Check Pods Manifest.lock */ = {
			isa = PBXShellScriptBuildPhase;
			buildActionMask = 2147483647;
			files = (
			);
			inputFileListPaths = (
			);
			inputPaths = (
				"${PODS_PODFILE_DIR_PATH}/Podfile.lock",
				"${PODS_ROOT}/Manifest.lock",
			);
			name = "[CP] Check Pods Manifest.lock";
			outputFileListPaths = (
			);
			outputPaths = (
				"$(DERIVED_FILE_DIR)/Pods-WhatWeatherUITests-checkManifestLockResult.txt",
			);
			runOnlyForDeploymentPostprocessing = 0;
			shellPath = /bin/sh;
			shellScript = "diff \"${PODS_PODFILE_DIR_PATH}/Podfile.lock\" \"${PODS_ROOT}/Manifest.lock\" > /dev/null\nif [ $? != 0 ] ; then\n    # print error to STDERR\n    echo \"error: The sandbox is not in sync with the Podfile.lock. Run 'pod install' or update your CocoaPods installation.\" >&2\n    exit 1\nfi\n# This output is used by Xcode 'outputs' to avoid re-running this script phase.\necho \"SUCCESS\" > \"${SCRIPT_OUTPUT_FILE_0}\"\n";
			showEnvVarsInLog = 0;
		};
		33DEF3A883066A131E7649A4 /* [CP] Check Pods Manifest.lock */ = {
			isa = PBXShellScriptBuildPhase;
			buildActionMask = 2147483647;
			files = (
			);
			inputFileListPaths = (
			);
			inputPaths = (
				"${PODS_PODFILE_DIR_PATH}/Podfile.lock",
				"${PODS_ROOT}/Manifest.lock",
			);
			name = "[CP] Check Pods Manifest.lock";
			outputFileListPaths = (
			);
			outputPaths = (
				"$(DERIVED_FILE_DIR)/Pods-WhatWeather-checkManifestLockResult.txt",
			);
			runOnlyForDeploymentPostprocessing = 0;
			shellPath = /bin/sh;
			shellScript = "diff \"${PODS_PODFILE_DIR_PATH}/Podfile.lock\" \"${PODS_ROOT}/Manifest.lock\" > /dev/null\nif [ $? != 0 ] ; then\n    # print error to STDERR\n    echo \"error: The sandbox is not in sync with the Podfile.lock. Run 'pod install' or update your CocoaPods installation.\" >&2\n    exit 1\nfi\n# This output is used by Xcode 'outputs' to avoid re-running this script phase.\necho \"SUCCESS\" > \"${SCRIPT_OUTPUT_FILE_0}\"\n";
			showEnvVarsInLog = 0;
		};
		F9B2960AFA642FEA274EDE7B /* [CP] Check Pods Manifest.lock */ = {
			isa = PBXShellScriptBuildPhase;
			buildActionMask = 2147483647;
			files = (
			);
			inputFileListPaths = (
			);
			inputPaths = (
				"${PODS_PODFILE_DIR_PATH}/Podfile.lock",
				"${PODS_ROOT}/Manifest.lock",
			);
			name = "[CP] Check Pods Manifest.lock";
			outputFileListPaths = (
			);
			outputPaths = (
				"$(DERIVED_FILE_DIR)/Pods-WhatWeatherTests-checkManifestLockResult.txt",
			);
			runOnlyForDeploymentPostprocessing = 0;
			shellPath = /bin/sh;
			shellScript = "diff \"${PODS_PODFILE_DIR_PATH}/Podfile.lock\" \"${PODS_ROOT}/Manifest.lock\" > /dev/null\nif [ $? != 0 ] ; then\n    # print error to STDERR\n    echo \"error: The sandbox is not in sync with the Podfile.lock. Run 'pod install' or update your CocoaPods installation.\" >&2\n    exit 1\nfi\n# This output is used by Xcode 'outputs' to avoid re-running this script phase.\necho \"SUCCESS\" > \"${SCRIPT_OUTPUT_FILE_0}\"\n";
			showEnvVarsInLog = 0;
		};
/* End PBXShellScriptBuildPhase section */

/* Begin PBXSourcesBuildPhase section */
		0102E69A22C4FDDD00006686 /* Sources */ = {
			isa = PBXSourcesBuildPhase;
			buildActionMask = 2147483647;
			files = (
				01989B4622C54FAE001CE523 /* LocationTableViewCell.swift in Sources */,
				0102E6A222C4FDDD00006686 /* AppDelegate.swift in Sources */,
				01989B4122C54C27001CE523 /* UIExtendedImageView.swift in Sources */,
				01989B4922C55253001CE523 /* HeaderTableViewCell.swift in Sources */,
				01989B3922C53FE4001CE523 /* LocationCellView.swift in Sources */,
				01989B4322C54CD9001CE523 /* LocationTableViewController.swift in Sources */,
				01989B3C22C54043001CE523 /* XibControl.swift in Sources */,
				01989B4C22C56AD9001CE523 /* DetailViewController.swift in Sources */,
			);
			runOnlyForDeploymentPostprocessing = 0;
		};
		0102E6AE22C4FDE000006686 /* Sources */ = {
			isa = PBXSourcesBuildPhase;
			buildActionMask = 2147483647;
			files = (
				0102E6B722C4FDE000006686 /* WhatWeatherTests.swift in Sources */,
			);
			runOnlyForDeploymentPostprocessing = 0;
		};
		0102E6B922C4FDE000006686 /* Sources */ = {
			isa = PBXSourcesBuildPhase;
			buildActionMask = 2147483647;
			files = (
				0102E6C222C4FDE000006686 /* WhatWeatherUITests.swift in Sources */,
			);
			runOnlyForDeploymentPostprocessing = 0;
		};
/* End PBXSourcesBuildPhase section */

/* Begin PBXTargetDependency section */
		0102E6B422C4FDE000006686 /* PBXTargetDependency */ = {
			isa = PBXTargetDependency;
			target = 0102E69D22C4FDDD00006686 /* WhatWeather */;
			targetProxy = 0102E6B322C4FDE000006686 /* PBXContainerItemProxy */;
		};
		0102E6BF22C4FDE000006686 /* PBXTargetDependency */ = {
			isa = PBXTargetDependency;
			target = 0102E69D22C4FDDD00006686 /* WhatWeather */;
			targetProxy = 0102E6BE22C4FDE000006686 /* PBXContainerItemProxy */;
		};
/* End PBXTargetDependency section */

/* Begin PBXVariantGroup section */
		0102E6A522C4FDDD00006686 /* Main.storyboard */ = {
			isa = PBXVariantGroup;
			children = (
				0102E6A622C4FDDD00006686 /* Base */,
			);
			name = Main.storyboard;
			sourceTree = "<group>";
		};
		0102E6AA22C4FDE000006686 /* LaunchScreen.storyboard */ = {
			isa = PBXVariantGroup;
			children = (
				0102E6AB22C4FDE000006686 /* Base */,
			);
			name = LaunchScreen.storyboard;
			sourceTree = "<group>";
		};
/* End PBXVariantGroup section */

/* Begin XCBuildConfiguration section */
		0102E6C422C4FDE000006686 /* Debug */ = {
			isa = XCBuildConfiguration;
			buildSettings = {
				ALWAYS_SEARCH_USER_PATHS = NO;
				CLANG_ANALYZER_NONNULL = YES;
				CLANG_ANALYZER_NUMBER_OBJECT_CONVERSION = YES_AGGRESSIVE;
				CLANG_CXX_LANGUAGE_STANDARD = "gnu++14";
				CLANG_CXX_LIBRARY = "libc++";
				CLANG_ENABLE_MODULES = YES;
				CLANG_ENABLE_OBJC_ARC = YES;
				CLANG_ENABLE_OBJC_WEAK = YES;
				CLANG_WARN_BLOCK_CAPTURE_AUTORELEASING = YES;
				CLANG_WARN_BOOL_CONVERSION = YES;
				CLANG_WARN_COMMA = YES;
				CLANG_WARN_CONSTANT_CONVERSION = YES;
				CLANG_WARN_DEPRECATED_OBJC_IMPLEMENTATIONS = YES;
				CLANG_WARN_DIRECT_OBJC_ISA_USAGE = YES_ERROR;
				CLANG_WARN_DOCUMENTATION_COMMENTS = YES;
				CLANG_WARN_EMPTY_BODY = YES;
				CLANG_WARN_ENUM_CONVERSION = YES;
				CLANG_WARN_INFINITE_RECURSION = YES;
				CLANG_WARN_INT_CONVERSION = YES;
				CLANG_WARN_NON_LITERAL_NULL_CONVERSION = YES;
				CLANG_WARN_OBJC_IMPLICIT_RETAIN_SELF = YES;
				CLANG_WARN_OBJC_LITERAL_CONVERSION = YES;
				CLANG_WARN_OBJC_ROOT_CLASS = YES_ERROR;
				CLANG_WARN_RANGE_LOOP_ANALYSIS = YES;
				CLANG_WARN_STRICT_PROTOTYPES = YES;
				CLANG_WARN_SUSPICIOUS_MOVE = YES;
				CLANG_WARN_UNGUARDED_AVAILABILITY = YES_AGGRESSIVE;
				CLANG_WARN_UNREACHABLE_CODE = YES;
				CLANG_WARN__DUPLICATE_METHOD_MATCH = YES;
				CODE_SIGN_IDENTITY = "iPhone Developer";
				COPY_PHASE_STRIP = NO;
				DEBUG_INFORMATION_FORMAT = dwarf;
				ENABLE_STRICT_OBJC_MSGSEND = YES;
				ENABLE_TESTABILITY = YES;
				GCC_C_LANGUAGE_STANDARD = gnu11;
				GCC_DYNAMIC_NO_PIC = NO;
				GCC_NO_COMMON_BLOCKS = YES;
				GCC_OPTIMIZATION_LEVEL = 0;
				GCC_PREPROCESSOR_DEFINITIONS = (
					"DEBUG=1",
					"$(inherited)",
				);
				GCC_WARN_64_TO_32_BIT_CONVERSION = YES;
				GCC_WARN_ABOUT_RETURN_TYPE = YES_ERROR;
				GCC_WARN_UNDECLARED_SELECTOR = YES;
				GCC_WARN_UNINITIALIZED_AUTOS = YES_AGGRESSIVE;
				GCC_WARN_UNUSED_FUNCTION = YES;
				GCC_WARN_UNUSED_VARIABLE = YES;
				IPHONEOS_DEPLOYMENT_TARGET = 12.2;
				MTL_ENABLE_DEBUG_INFO = INCLUDE_SOURCE;
				MTL_FAST_MATH = YES;
				ONLY_ACTIVE_ARCH = YES;
				SDKROOT = iphoneos;
				SWIFT_ACTIVE_COMPILATION_CONDITIONS = DEBUG;
				SWIFT_OPTIMIZATION_LEVEL = "-Onone";
			};
			name = Debug;
		};
		0102E6C522C4FDE000006686 /* Release */ = {
			isa = XCBuildConfiguration;
			buildSettings = {
				ALWAYS_SEARCH_USER_PATHS = NO;
				CLANG_ANALYZER_NONNULL = YES;
				CLANG_ANALYZER_NUMBER_OBJECT_CONVERSION = YES_AGGRESSIVE;
				CLANG_CXX_LANGUAGE_STANDARD = "gnu++14";
				CLANG_CXX_LIBRARY = "libc++";
				CLANG_ENABLE_MODULES = YES;
				CLANG_ENABLE_OBJC_ARC = YES;
				CLANG_ENABLE_OBJC_WEAK = YES;
				CLANG_WARN_BLOCK_CAPTURE_AUTORELEASING = YES;
				CLANG_WARN_BOOL_CONVERSION = YES;
				CLANG_WARN_COMMA = YES;
				CLANG_WARN_CONSTANT_CONVERSION = YES;
				CLANG_WARN_DEPRECATED_OBJC_IMPLEMENTATIONS = YES;
				CLANG_WARN_DIRECT_OBJC_ISA_USAGE = YES_ERROR;
				CLANG_WARN_DOCUMENTATION_COMMENTS = YES;
				CLANG_WARN_EMPTY_BODY = YES;
				CLANG_WARN_ENUM_CONVERSION = YES;
				CLANG_WARN_INFINITE_RECURSION = YES;
				CLANG_WARN_INT_CONVERSION = YES;
				CLANG_WARN_NON_LITERAL_NULL_CONVERSION = YES;
				CLANG_WARN_OBJC_IMPLICIT_RETAIN_SELF = YES;
				CLANG_WARN_OBJC_LITERAL_CONVERSION = YES;
				CLANG_WARN_OBJC_ROOT_CLASS = YES_ERROR;
				CLANG_WARN_RANGE_LOOP_ANALYSIS = YES;
				CLANG_WARN_STRICT_PROTOTYPES = YES;
				CLANG_WARN_SUSPICIOUS_MOVE = YES;
				CLANG_WARN_UNGUARDED_AVAILABILITY = YES_AGGRESSIVE;
				CLANG_WARN_UNREACHABLE_CODE = YES;
				CLANG_WARN__DUPLICATE_METHOD_MATCH = YES;
				CODE_SIGN_IDENTITY = "iPhone Developer";
				COPY_PHASE_STRIP = NO;
				DEBUG_INFORMATION_FORMAT = "dwarf-with-dsym";
				ENABLE_NS_ASSERTIONS = NO;
				ENABLE_STRICT_OBJC_MSGSEND = YES;
				GCC_C_LANGUAGE_STANDARD = gnu11;
				GCC_NO_COMMON_BLOCKS = YES;
				GCC_WARN_64_TO_32_BIT_CONVERSION = YES;
				GCC_WARN_ABOUT_RETURN_TYPE = YES_ERROR;
				GCC_WARN_UNDECLARED_SELECTOR = YES;
				GCC_WARN_UNINITIALIZED_AUTOS = YES_AGGRESSIVE;
				GCC_WARN_UNUSED_FUNCTION = YES;
				GCC_WARN_UNUSED_VARIABLE = YES;
				IPHONEOS_DEPLOYMENT_TARGET = 12.2;
				MTL_ENABLE_DEBUG_INFO = NO;
				MTL_FAST_MATH = YES;
				SDKROOT = iphoneos;
				SWIFT_COMPILATION_MODE = wholemodule;
				SWIFT_OPTIMIZATION_LEVEL = "-O";
				VALIDATE_PRODUCT = YES;
			};
			name = Release;
		};
		0102E6C722C4FDE000006686 /* Debug */ = {
			isa = XCBuildConfiguration;
			baseConfigurationReference = EB605F247B3D6AD2F7F2EE44 /* Pods-WhatWeather.debug.xcconfig */;
			buildSettings = {
				ASSETCATALOG_COMPILER_APPICON_NAME = AppIcon;
				CODE_SIGN_STYLE = Automatic;
				DEVELOPMENT_TEAM = NHT6R8W98M;
				INFOPLIST_FILE = WhatWeather/Info.plist;
				LD_RUNPATH_SEARCH_PATHS = (
					"$(inherited)",
					"@executable_path/Frameworks",
				);
				PRODUCT_BUNDLE_IDENTIFIER = flamurbeqiri.WhatWeather;
				PRODUCT_NAME = "$(TARGET_NAME)";
				SWIFT_VERSION = 5.0;
				TARGETED_DEVICE_FAMILY = "1,2";
			};
			name = Debug;
		};
		0102E6C822C4FDE000006686 /* Release */ = {
			isa = XCBuildConfiguration;
			baseConfigurationReference = B4540B2A39285D2E7781BE74 /* Pods-WhatWeather.release.xcconfig */;
			buildSettings = {
				ASSETCATALOG_COMPILER_APPICON_NAME = AppIcon;
				CODE_SIGN_STYLE = Automatic;
				DEVELOPMENT_TEAM = NHT6R8W98M;
				INFOPLIST_FILE = WhatWeather/Info.plist;
				LD_RUNPATH_SEARCH_PATHS = (
					"$(inherited)",
					"@executable_path/Frameworks",
				);
				PRODUCT_BUNDLE_IDENTIFIER = flamurbeqiri.WhatWeather;
				PRODUCT_NAME = "$(TARGET_NAME)";
				SWIFT_VERSION = 5.0;
				TARGETED_DEVICE_FAMILY = "1,2";
			};
			name = Release;
		};
		0102E6CA22C4FDE000006686 /* Debug */ = {
			isa = XCBuildConfiguration;
			baseConfigurationReference = A63D8157364C79EC54938E59 /* Pods-WhatWeatherTests.debug.xcconfig */;
			buildSettings = {
				ALWAYS_EMBED_SWIFT_STANDARD_LIBRARIES = YES;
				BUNDLE_LOADER = "$(TEST_HOST)";
				CODE_SIGN_STYLE = Automatic;
				DEVELOPMENT_TEAM = NHT6R8W98M;
				INFOPLIST_FILE = WhatWeatherTests/Info.plist;
				LD_RUNPATH_SEARCH_PATHS = (
					"$(inherited)",
					"@executable_path/Frameworks",
					"@loader_path/Frameworks",
				);
				PRODUCT_BUNDLE_IDENTIFIER = flamurbeqiri.WhatWeatherTests;
				PRODUCT_NAME = "$(TARGET_NAME)";
				SWIFT_VERSION = 5.0;
				TARGETED_DEVICE_FAMILY = "1,2";
				TEST_HOST = "$(BUILT_PRODUCTS_DIR)/WhatWeather.app/WhatWeather";
			};
			name = Debug;
		};
		0102E6CB22C4FDE000006686 /* Release */ = {
			isa = XCBuildConfiguration;
			baseConfigurationReference = 667CA6885E915897C709993E /* Pods-WhatWeatherTests.release.xcconfig */;
			buildSettings = {
				ALWAYS_EMBED_SWIFT_STANDARD_LIBRARIES = YES;
				BUNDLE_LOADER = "$(TEST_HOST)";
				CODE_SIGN_STYLE = Automatic;
				DEVELOPMENT_TEAM = NHT6R8W98M;
				INFOPLIST_FILE = WhatWeatherTests/Info.plist;
				LD_RUNPATH_SEARCH_PATHS = (
					"$(inherited)",
					"@executable_path/Frameworks",
					"@loader_path/Frameworks",
				);
				PRODUCT_BUNDLE_IDENTIFIER = flamurbeqiri.WhatWeatherTests;
				PRODUCT_NAME = "$(TARGET_NAME)";
				SWIFT_VERSION = 5.0;
				TARGETED_DEVICE_FAMILY = "1,2";
				TEST_HOST = "$(BUILT_PRODUCTS_DIR)/WhatWeather.app/WhatWeather";
			};
			name = Release;
		};
		0102E6CD22C4FDE000006686 /* Debug */ = {
			isa = XCBuildConfiguration;
			baseConfigurationReference = 8FB0F819A3BC300B8E3D53B7 /* Pods-WhatWeatherUITests.debug.xcconfig */;
			buildSettings = {
				ALWAYS_EMBED_SWIFT_STANDARD_LIBRARIES = YES;
				CODE_SIGN_STYLE = Automatic;
				DEVELOPMENT_TEAM = NHT6R8W98M;
				INFOPLIST_FILE = WhatWeatherUITests/Info.plist;
				LD_RUNPATH_SEARCH_PATHS = (
					"$(inherited)",
					"@executable_path/Frameworks",
					"@loader_path/Frameworks",
				);
				PRODUCT_BUNDLE_IDENTIFIER = flamurbeqiri.WhatWeatherUITests;
				PRODUCT_NAME = "$(TARGET_NAME)";
				SWIFT_VERSION = 5.0;
				TARGETED_DEVICE_FAMILY = "1,2";
				TEST_TARGET_NAME = WhatWeather;
			};
			name = Debug;
		};
		0102E6CE22C4FDE000006686 /* Release */ = {
			isa = XCBuildConfiguration;
			baseConfigurationReference = 4B48FAA9652F7BA9C9B38929 /* Pods-WhatWeatherUITests.release.xcconfig */;
			buildSettings = {
				ALWAYS_EMBED_SWIFT_STANDARD_LIBRARIES = YES;
				CODE_SIGN_STYLE = Automatic;
				DEVELOPMENT_TEAM = NHT6R8W98M;
				INFOPLIST_FILE = WhatWeatherUITests/Info.plist;
				LD_RUNPATH_SEARCH_PATHS = (
					"$(inherited)",
					"@executable_path/Frameworks",
					"@loader_path/Frameworks",
				);
				PRODUCT_BUNDLE_IDENTIFIER = flamurbeqiri.WhatWeatherUITests;
				PRODUCT_NAME = "$(TARGET_NAME)";
				SWIFT_VERSION = 5.0;
				TARGETED_DEVICE_FAMILY = "1,2";
				TEST_TARGET_NAME = WhatWeather;
			};
			name = Release;
		};
/* End XCBuildConfiguration section */

/* Begin XCConfigurationList section */
		0102E69922C4FDDD00006686 /* Build configuration list for PBXProject "WhatWeather" */ = {
			isa = XCConfigurationList;
			buildConfigurations = (
				0102E6C422C4FDE000006686 /* Debug */,
				0102E6C522C4FDE000006686 /* Release */,
			);
			defaultConfigurationIsVisible = 0;
			defaultConfigurationName = Release;
		};
		0102E6C622C4FDE000006686 /* Build configuration list for PBXNativeTarget "WhatWeather" */ = {
			isa = XCConfigurationList;
			buildConfigurations = (
				0102E6C722C4FDE000006686 /* Debug */,
				0102E6C822C4FDE000006686 /* Release */,
			);
			defaultConfigurationIsVisible = 0;
			defaultConfigurationName = Release;
		};
		0102E6C922C4FDE000006686 /* Build configuration list for PBXNativeTarget "WhatWeatherTests" */ = {
			isa = XCConfigurationList;
			buildConfigurations = (
				0102E6CA22C4FDE000006686 /* Debug */,
				0102E6CB22C4FDE000006686 /* Release */,
			);
			defaultConfigurationIsVisible = 0;
			defaultConfigurationName = Release;
		};
		0102E6CC22C4FDE000006686 /* Build configuration list for PBXNativeTarget "WhatWeatherUITests" */ = {
			isa = XCConfigurationList;
			buildConfigurations = (
				0102E6CD22C4FDE000006686 /* Debug */,
				0102E6CE22C4FDE000006686 /* Release */,
			);
			defaultConfigurationIsVisible = 0;
			defaultConfigurationName = Release;
		};
/* End XCConfigurationList section */
	};
	rootObject = 0102E69622C4FDDD00006686 /* Project object */;
}
